// !$*UTF8*$!
{
	archiveVersion = 1;
	classes = {
	};
	objectVersion = 50;
	objects = {

/* Begin PBXBuildFile section */
		D4011BED211F0E5F00663E48 /* AppDelegate.swift in Sources */ = {isa = PBXBuildFile; fileRef = D4011BEC211F0E5F00663E48 /* AppDelegate.swift */; };
		D4011BEF211F0E5F00663E48 /* AppIntroVC.swift in Sources */ = {isa = PBXBuildFile; fileRef = D4011BEE211F0E5F00663E48 /* AppIntroVC.swift */; };
		D4011BF2211F0E5F00663E48 /* AppIntro.storyboard in Resources */ = {isa = PBXBuildFile; fileRef = D4011BF0211F0E5F00663E48 /* AppIntro.storyboard */; };
		D4011BF4211F0E6100663E48 /* Assets.xcassets in Resources */ = {isa = PBXBuildFile; fileRef = D4011BF3211F0E6100663E48 /* Assets.xcassets */; };
		D4011BF7211F0E6100663E48 /* LaunchScreen.storyboard in Resources */ = {isa = PBXBuildFile; fileRef = D4011BF5211F0E6100663E48 /* LaunchScreen.storyboard */; };
		D4011BFF211F141700663E48 /* AppContentIntroVC.swift in Sources */ = {isa = PBXBuildFile; fileRef = D4011BFE211F141700663E48 /* AppContentIntroVC.swift */; };
		D4011C01211F4AE500663E48 /* IntroPageModel.swift in Sources */ = {isa = PBXBuildFile; fileRef = D4011C00211F4AE500663E48 /* IntroPageModel.swift */; };
/* End PBXBuildFile section */

/* Begin PBXFileReference section */
		D4011BE9211F0E5F00663E48 /* AppIntroDemo.app */ = {isa = PBXFileReference; explicitFileType = wrapper.application; includeInIndex = 0; path = AppIntroDemo.app; sourceTree = BUILT_PRODUCTS_DIR; };
		D4011BEC211F0E5F00663E48 /* AppDelegate.swift */ = {isa = PBXFileReference; lastKnownFileType = sourcecode.swift; path = AppDelegate.swift; sourceTree = "<group>"; };
		D4011BEE211F0E5F00663E48 /* AppIntroVC.swift */ = {isa = PBXFileReference; lastKnownFileType = sourcecode.swift; path = AppIntroVC.swift; sourceTree = "<group>"; };
		D4011BF1211F0E5F00663E48 /* Base */ = {isa = PBXFileReference; lastKnownFileType = file.storyboard; name = Base; path = Base.lproj/AppIntro.storyboard; sourceTree = "<group>"; };
		D4011BF3211F0E6100663E48 /* Assets.xcassets */ = {isa = PBXFileReference; lastKnownFileType = folder.assetcatalog; path = Assets.xcassets; sourceTree = "<group>"; };
		D4011BF6211F0E6100663E48 /* Base */ = {isa = PBXFileReference; lastKnownFileType = file.storyboard; name = Base; path = Base.lproj/LaunchScreen.storyboard; sourceTree = "<group>"; };
		D4011BF8211F0E6100663E48 /* Info.plist */ = {isa = PBXFileReference; lastKnownFileType = text.plist.xml; path = Info.plist; sourceTree = "<group>"; };
		D4011BFE211F141700663E48 /* AppContentIntroVC.swift */ = {isa = PBXFileReference; lastKnownFileType = sourcecode.swift; path = AppContentIntroVC.swift; sourceTree = "<group>"; };
		D4011C00211F4AE500663E48 /* IntroPageModel.swift */ = {isa = PBXFileReference; fileEncoding = 4; lastKnownFileType = sourcecode.swift; path = IntroPageModel.swift; sourceTree = "<group>"; };
/* End PBXFileReference section */

/* Begin PBXFrameworksBuildPhase section */
		D4011BE6211F0E5F00663E48 /* Frameworks */ = {
			isa = PBXFrameworksBuildPhase;
			buildActionMask = 2147483647;
			files = (
			);
			runOnlyForDeploymentPostprocessing = 0;
		};
/* End PBXFrameworksBuildPhase section */

/* Begin PBXGroup section */
		D4011BE0211F0E5F00663E48 = {
			isa = PBXGroup;
			children = (
				D4011BEB211F0E5F00663E48 /* AppIntroDemo */,
				D4011BEA211F0E5F00663E48 /* Products */,
			);
			sourceTree = "<group>";
		};
		D4011BEA211F0E5F00663E48 /* Products */ = {
			isa = PBXGroup;
			children = (
				D4011BE9211F0E5F00663E48 /* AppIntroDemo.app */,
			);
			name = Products;
			sourceTree = "<group>";
		};
		D4011BEB211F0E5F00663E48 /* AppIntroDemo */ = {
			isa = PBXGroup;
			children = (
				D4011BEC211F0E5F00663E48 /* AppDelegate.swift */,
				D4011C00211F4AE500663E48 /* IntroPageModel.swift */,
				D4011BEE211F0E5F00663E48 /* AppIntroVC.swift */,
				D4011BFE211F141700663E48 /* AppContentIntroVC.swift */,
				D4011BF0211F0E5F00663E48 /* AppIntro.storyboard */,
				D4011BF3211F0E6100663E48 /* Assets.xcassets */,
				D4011BF5211F0E6100663E48 /* LaunchScreen.storyboard */,
				D4011BF8211F0E6100663E48 /* Info.plist */,
			);
			path = AppIntroDemo;
			sourceTree = "<group>";
		};
/* End PBXGroup section */

/* Begin PBXNativeTarget section */
		D4011BE8211F0E5F00663E48 /* AppIntroDemo */ = {
			isa = PBXNativeTarget;
			buildConfigurationList = D4011BFB211F0E6100663E48 /* Build configuration list for PBXNativeTarget "AppIntroDemo" */;
			buildPhases = (
				D4011BE5211F0E5F00663E48 /* Sources */,
				D4011BE6211F0E5F00663E48 /* Frameworks */,
				D4011BE7211F0E5F00663E48 /* Resources */,
			);
			buildRules = (
			);
			dependencies = (
			);
			name = AppIntroDemo;
			productName = AppIntroDemo;
			productReference = D4011BE9211F0E5F00663E48 /* AppIntroDemo.app */;
			productType = "com.apple.product-type.application";
		};
/* End PBXNativeTarget section */

/* Begin PBXProject section */
		D4011BE1211F0E5F00663E48 /* Project object */ = {
			isa = PBXProject;
			attributes = {
				LastSwiftUpdateCheck = 0940;
				LastUpgradeCheck = 0940;
				ORGANIZATIONNAME = "Pawan Kumar";
				TargetAttributes = {
					D4011BE8211F0E5F00663E48 = {
						CreatedOnToolsVersion = 9.4.1;
					};
				};
			};
			buildConfigurationList = D4011BE4211F0E5F00663E48 /* Build configuration list for PBXProject "AppIntroDemo" */;
			compatibilityVersion = "Xcode 9.3";
			developmentRegion = en;
			hasScannedForEncodings = 0;
			knownRegions = (
				en,
				Base,
			);
			mainGroup = D4011BE0211F0E5F00663E48;
			productRefGroup = D4011BEA211F0E5F00663E48 /* Products */;
			projectDirPath = "";
			projectRoot = "";
			targets = (
				D4011BE8211F0E5F00663E48 /* AppIntroDemo */,
			);
		};
/* End PBXProject section */

/* Begin PBXResourcesBuildPhase section */
		D4011BE7211F0E5F00663E48 /* Resources */ = {
			isa = PBXResourcesBuildPhase;
			buildActionMask = 2147483647;
			files = (
				D4011BF7211F0E6100663E48 /* LaunchScreen.storyboard in Resources */,
				D4011BF4211F0E6100663E48 /* Assets.xcassets in Resources */,
				D4011BF2211F0E5F00663E48 /* AppIntro.storyboard in Resources */,
			);
			runOnlyForDeploymentPostprocessing = 0;
		};
/* End PBXResourcesBuildPhase section */

/* Begin PBXSourcesBuildPhase section */
		D4011BE5211F0E5F00663E48 /* Sources */ = {
			isa = PBXSourcesBuildPhase;
			buildActionMask = 2147483647;
			files = (
				D4011BEF211F0E5F00663E48 /* AppIntroVC.swift in Sources */,
				D4011C01211F4AE500663E48 /* IntroPageModel.swift in Sources */,
				D4011BED211F0E5F00663E48 /* AppDelegate.swift in Sources */,
				D4011BFF211F141700663E48 /* AppContentIntroVC.swift in Sources */,
			);
			runOnlyForDeploymentPostprocessing = 0;
		};
/* End PBXSourcesBuildPhase section */

/* Begin PBXVariantGroup section */
		D4011BF0211F0E5F00663E48 /* AppIntro.storyboard */ = {
			isa = PBXVariantGroup;
			children = (
				D4011BF1211F0E5F00663E48 /* Base */,
			);
			name = AppIntro.storyboard;
			sourceTree = "<group>";
		};
		D4011BF5211F0E6100663E48 /* LaunchScreen.storyboard */ = {
			isa = PBXVariantGroup;
			children = (
				D4011BF6211F0E6100663E48 /* Base */,
			);
			name = LaunchScreen.storyboard;
			sourceTree = "<group>";
		};
/* End PBXVariantGroup section */

/* Begin XCBuildConfiguration section */
		D4011BF9211F0E6100663E48 /* Debug */ = {
			isa = XCBuildConfiguration;
			buildSettings = {
				ALWAYS_SEARCH_USER_PATHS = NO;
				CLANG_ANALYZER_NONNULL = YES;
				CLANG_ANALYZER_NUMBER_OBJECT_CONVERSION = YES_AGGRESSIVE;
				CLANG_CXX_LANGUAGE_STANDARD = "gnu++14";
				CLANG_CXX_LIBRARY = "libc++";
				CLANG_ENABLE_MODULES = YES;
				CLANG_ENABLE_OBJC_ARC = YES;
				CLANG_ENABLE_OBJC_WEAK = YES;
				CLANG_WARN_BLOCK_CAPTURE_AUTORELEASING = YES;
				CLANG_WARN_BOOL_CONVERSION = YES;
				CLANG_WARN_COMMA = YES;
				CLANG_WARN_CONSTANT_CONVERSION = YES;
				CLANG_WARN_DEPRECATED_OBJC_IMPLEMENTATIONS = YES;
				CLANG_WARN_DIRECT_OBJC_ISA_USAGE = YES_ERROR;
				CLANG_WARN_DOCUMENTATION_COMMENTS = YES;
				CLANG_WARN_EMPTY_BODY = YES;
				CLANG_WARN_ENUM_CONVERSION = YES;
				CLANG_WARN_INFINITE_RECURSION = YES;
				CLANG_WARN_INT_CONVERSION = YES;
				CLANG_WARN_NON_LITERAL_NULL_CONVERSION = YES;
				CLANG_WARN_OBJC_IMPLICIT_RETAIN_SELF = YES;
				CLANG_WARN_OBJC_LITERAL_CONVERSION = YES;
				CLANG_WARN_OBJC_ROOT_CLASS = YES_ERROR;
				CLANG_WARN_RANGE_LOOP_ANALYSIS = YES;
				CLANG_WARN_STRICT_PROTOTYPES = YES;
				CLANG_WARN_SUSPICIOUS_MOVE = YES;
				CLANG_WARN_UNGUARDED_AVAILABILITY = YES_AGGRESSIVE;
				CLANG_WARN_UNREACHABLE_CODE = YES;
				CLANG_WARN__DUPLICATE_METHOD_MATCH = YES;
				CODE_SIGN_IDENTITY = "iPhone Developer";
				COPY_PHASE_STRIP = NO;
				DEBUG_INFORMATION_FORMAT = dwarf;
				ENABLE_STRICT_OBJC_MSGSEND = YES;
				ENABLE_TESTABILITY = YES;
				GCC_C_LANGUAGE_STANDARD = gnu11;
				GCC_DYNAMIC_NO_PIC = NO;
				GCC_NO_COMMON_BLOCKS = YES;
				GCC_OPTIMIZATION_LEVEL = 0;
				GCC_PREPROCESSOR_DEFINITIONS = (
					"DEBUG=1",
					"$(inherited)",
				);
				GCC_WARN_64_TO_32_BIT_CONVERSION = YES;
				GCC_WARN_ABOUT_RETURN_TYPE = YES_ERROR;
				GCC_WARN_UNDECLARED_SELECTOR = YES;
				GCC_WARN_UNINITIALIZED_AUTOS = YES_AGGRESSIVE;
				GCC_WARN_UNUSED_FUNCTION = YES;
				GCC_WARN_UNUSED_VARIABLE = YES;
				IPHONEOS_DEPLOYMENT_TARGET = 11.4;
				MTL_ENABLE_DEBUG_INFO = YES;
				ONLY_ACTIVE_ARCH = YES;
				SDKROOT = iphoneos;
				SWIFT_ACTIVE_COMPILATION_CONDITIONS = DEBUG;
				SWIFT_OPTIMIZATION_LEVEL = "-Onone";
			};
			name = Debug;
		};
		D4011BFA211F0E6100663E48 /* Release */ = {
			isa = XCBuildConfiguration;
			buildSettings = {
				ALWAYS_SEARCH_USER_PATHS = NO;
				CLANG_ANALYZER_NONNULL = YES;
				CLANG_ANALYZER_NUMBER_OBJECT_CONVERSION = YES_AGGRESSIVE;
				CLANG_CXX_LANGUAGE_STANDARD = "gnu++14";
				CLANG_CXX_LIBRARY = "libc++";
				CLANG_ENABLE_MODULES = YES;
				CLANG_ENABLE_OBJC_ARC = YES;
				CLANG_ENABLE_OBJC_WEAK = YES;
				CLANG_WARN_BLOCK_CAPTURE_AUTORELEASING = YES;
				CLANG_WARN_BOOL_CONVERSION = YES;
				CLANG_WARN_COMMA = YES;
				CLANG_WARN_CONSTANT_CONVERSION = YES;
				CLANG_WARN_DEPRECATED_OBJC_IMPLEMENTATIONS = YES;
				CLANG_WARN_DIRECT_OBJC_ISA_USAGE = YES_ERROR;
				CLANG_WARN_DOCUMENTATION_COMMENTS = YES;
				CLANG_WARN_EMPTY_BODY = YES;
				CLANG_WARN_ENUM_CONVERSION = YES;
				CLANG_WARN_INFINITE_RECURSION = YES;
				CLANG_WARN_INT_CONVERSION = YES;
				CLANG_WARN_NON_LITERAL_NULL_CONVERSION = YES;
				CLANG_WARN_OBJC_IMPLICIT_RETAIN_SELF = YES;
				CLANG_WARN_OBJC_LITERAL_CONVERSION = YES;
				CLANG_WARN_OBJC_ROOT_CLASS = YES_ERROR;
				CLANG_WARN_RANGE_LOOP_ANALYSIS = YES;
				CLANG_WARN_STRICT_PROTOTYPES = YES;
				CLANG_WARN_SUSPICIOUS_MOVE = YES;
				CLANG_WARN_UNGUARDED_AVAILABILITY = YES_AGGRESSIVE;
				CLANG_WARN_UNREACHABLE_CODE = YES;
				CLANG_WARN__DUPLICATE_METHOD_MATCH = YES;
				CODE_SIGN_IDENTITY = "iPhone Developer";
				COPY_PHASE_STRIP = NO;
				DEBUG_INFORMATION_FORMAT = "dwarf-with-dsym";
				ENABLE_NS_ASSERTIONS = NO;
				ENABLE_STRICT_OBJC_MSGSEND = YES;
				GCC_C_LANGUAGE_STANDARD = gnu11;
				GCC_NO_COMMON_BLOCKS = YES;
				GCC_WARN_64_TO_32_BIT_CONVERSION = YES;
				GCC_WARN_ABOUT_RETURN_TYPE = YES_ERROR;
				GCC_WARN_UNDECLARED_SELECTOR = YES;
				GCC_WARN_UNINITIALIZED_AUTOS = YES_AGGRESSIVE;
				GCC_WARN_UNUSED_FUNCTION = YES;
				GCC_WARN_UNUSED_VARIABLE = YES;
				IPHONEOS_DEPLOYMENT_TARGET = 11.4;
				MTL_ENABLE_DEBUG_INFO = NO;
				SDKROOT = iphoneos;
				SWIFT_COMPILATION_MODE = wholemodule;
				SWIFT_OPTIMIZATION_LEVEL = "-O";
				VALIDATE_PRODUCT = YES;
			};
			name = Release;
		};
		D4011BFC211F0E6100663E48 /* Debug */ = {
			isa = XCBuildConfiguration;
			buildSettings = {
				ASSETCATALOG_COMPILER_APPICON_NAME = AppIcon;
				CODE_SIGN_STYLE = Automatic;
				DEVELOPMENT_TEAM = E638AEDMEK;
				INFOPLIST_FILE = AppIntroDemo/Info.plist;
				IPHONEOS_DEPLOYMENT_TARGET = 10.0;
				LD_RUNPATH_SEARCH_PATHS = (
					"$(inherited)",
					"@executable_path/Frameworks",
				);
				PRODUCT_BUNDLE_IDENTIFIER = com.pb.AppIntroDemo;
				PRODUCT_NAME = "$(TARGET_NAME)";
				SWIFT_VERSION = 4.0;
				TARGETED_DEVICE_FAMILY = "1,2";
			};
			name = Debug;
		};
		D4011BFD211F0E6100663E48 /* Release */ = {
			isa = XCBuildConfiguration;
			buildSettings = {
				ASSETCATALOG_COMPILER_APPICON_NAME = AppIcon;
				CODE_SIGN_STYLE = Automatic;
				DEVELOPMENT_TEAM = E638AEDMEK;
				INFOPLIST_FILE = AppIntroDemo/Info.plist;
				IPHONEOS_DEPLOYMENT_TARGET = 10.0;
				LD_RUNPATH_SEARCH_PATHS = (
					"$(inherited)",
					"@executable_path/Frameworks",
				);
				PRODUCT_BUNDLE_IDENTIFIER = com.pb.AppIntroDemo;
				PRODUCT_NAME = "$(TARGET_NAME)";
				SWIFT_VERSION = 4.0;
				TARGETED_DEVICE_FAMILY = "1,2";
			};
			name = Release;
		};
/* End XCBuildConfiguration section */

/* Begin XCConfigurationList section */
		D4011BE4211F0E5F00663E48 /* Build configuration list for PBXProject "AppIntroDemo" */ = {
			isa = XCConfigurationList;
			buildConfigurations = (
				D4011BF9211F0E6100663E48 /* Debug */,
				D4011BFA211F0E6100663E48 /* Release */,
			);
			defaultConfigurationIsVisible = 0;
			defaultConfigurationName = Release;
		};
		D4011BFB211F0E6100663E48 /* Build configuration list for PBXNativeTarget "AppIntroDemo" */ = {
			isa = XCConfigurationList;
			buildConfigurations = (
				D4011BFC211F0E6100663E48 /* Debug */,
				D4011BFD211F0E6100663E48 /* Release */,
			);
			defaultConfigurationIsVisible = 0;
			defaultConfigurationName = Release;
		};
/* End XCConfigurationList section */
	};
	rootObject = D4011BE1211F0E5F00663E48 /* Project object */;
}
